
Microsoft Visual Studio Solution File, Format Version 12.00
# Visual Studio Version 17
VisualStudioVersion = 17.8.34330.188
MinimumVisualStudioVersion = 10.0.40219.1
Project("{FAE04EC0-301F-11D3-BF4B-00C04F79EFBC}") = "Minesweeper", "Minesweeper\Minesweeper.csproj", "{484F8304-E260-4D56-924D-FB5D8C100F7D}"
EndProject
Global
	GlobalSection(SolutionConfigurationPlatforms) = preSolution
		Debug|Any CPU = Debug|Any CPU
		Release|Any CPU = Release|Any CPU
	EndGlobalSection
	GlobalSection(ProjectConfigurationPlatforms) = postSolution
		{484F8304-E260-4D56-924D-FB5D8C100F7D}.Debug|Any CPU.ActiveCfg = Debug|Any CPU
		{484F8304-E260-4D56-924D-FB5D8C100F7D}.Debug|Any CPU.Build.0 = Debug|Any CPU
		{484F8304-E260-4D56-924D-FB5D8C100F7D}.Release|Any CPU.ActiveCfg = Release|Any CPU
		{484F8304-E260-4D56-924D-FB5D8C100F7D}.Release|Any CPU.Build.0 = Release|Any CPU
	EndGlobalSection
	GlobalSection(SolutionProperties) = preSolution
		HideSolutionNode = FALSE
	EndGlobalSection
	GlobalSection(ExtensibilityGlobals) = postSolution
		SolutionGuid = {47D5BE88-9CD0-4090-9E0E-A483977779DF}
	EndGlobalSection
EndGlobal
